
Microsoft Visual Studio Solution File, Format Version 12.00
# Visual Studio Version 16
VisualStudioVersion = 16.0.31911.196
MinimumVisualStudioVersion = 10.0.40219.1
Project("{FAE04EC0-301F-11D3-BF4B-00C04F79EFBC}") = "dibujo", "dibujo\dibujo.csproj", "{E55092A3-08F2-46F9-9147-326EBC955E92}"
EndProject
Project("{FAE04EC0-301F-11D3-BF4B-00C04F79EFBC}") = "Ejercicio8", "Ejercicio8\Ejercicio8.csproj", "{0BF1B002-B2D7-4134-A500-3C1DADC4B3B5}"
EndProject
Global
	GlobalSection(SolutionConfigurationPlatforms) = preSolution
		Debug|Any CPU = Debug|Any CPU
		Release|Any CPU = Release|Any CPU
	EndGlobalSection
	GlobalSection(ProjectConfigurationPlatforms) = postSolution
		{E55092A3-08F2-46F9-9147-326EBC955E92}.Debug|Any CPU.ActiveCfg = Debug|Any CPU
		{E55092A3-08F2-46F9-9147-326EBC955E92}.Debug|Any CPU.Build.0 = Debug|Any CPU
		{E55092A3-08F2-46F9-9147-326EBC955E92}.Release|Any CPU.ActiveCfg = Release|Any CPU
		{E55092A3-08F2-46F9-9147-326EBC955E92}.Release|Any CPU.Build.0 = Release|Any CPU
		{0BF1B002-B2D7-4134-A500-3C1DADC4B3B5}.Debug|Any CPU.ActiveCfg = Debug|Any CPU
		{0BF1B002-B2D7-4134-A500-3C1DADC4B3B5}.Debug|Any CPU.Build.0 = Debug|Any CPU
		{0BF1B002-B2D7-4134-A500-3C1DADC4B3B5}.Release|Any CPU.ActiveCfg = Release|Any CPU
		{0BF1B002-B2D7-4134-A500-3C1DADC4B3B5}.Release|Any CPU.Build.0 = Release|Any CPU
	EndGlobalSection
	GlobalSection(SolutionProperties) = preSolution
		HideSolutionNode = FALSE
	EndGlobalSection
	GlobalSection(ExtensibilityGlobals) = postSolution
		SolutionGuid = {260704BB-5EB7-4BB8-B61D-64849E68CEC4}
	EndGlobalSection
EndGlobal
