
Microsoft Visual Studio Solution File, Format Version 12.00
# Visual Studio Version 16
VisualStudioVersion = 16.0.30523.141
MinimumVisualStudioVersion = 10.0.40219.1
Project("{FAE04EC0-301F-11D3-BF4B-00C04F79EFBC}") = "ejercicio4DI", "ejercicio4DI\ejercicio4DI.csproj", "{327EF221-5059-453C-AF82-B3DEDCADB25D}"
EndProject
Global
	GlobalSection(SolutionConfigurationPlatforms) = preSolution
		Debug|Any CPU = Debug|Any CPU
		Release|Any CPU = Release|Any CPU
	EndGlobalSection
	GlobalSection(ProjectConfigurationPlatforms) = postSolution
		{327EF221-5059-453C-AF82-B3DEDCADB25D}.Debug|Any CPU.ActiveCfg = Debug|Any CPU
		{327EF221-5059-453C-AF82-B3DEDCADB25D}.Debug|Any CPU.Build.0 = Debug|Any CPU
		{327EF221-5059-453C-AF82-B3DEDCADB25D}.Release|Any CPU.ActiveCfg = Release|Any CPU
		{327EF221-5059-453C-AF82-B3DEDCADB25D}.Release|Any CPU.Build.0 = Release|Any CPU
	EndGlobalSection
	GlobalSection(SolutionProperties) = preSolution
		HideSolutionNode = FALSE
	EndGlobalSection
	GlobalSection(ExtensibilityGlobals) = postSolution
		SolutionGuid = {5DDB4E26-E2B5-4B4A-BBF1-E9567A105B79}
	EndGlobalSection
EndGlobal
