
Microsoft Visual Studio Solution File, Format Version 12.00
# Visual Studio Version 16
VisualStudioVersion = 16.0.31911.196
MinimumVisualStudioVersion = 10.0.40219.1
Project("{FAE04EC0-301F-11D3-BF4B-00C04F79EFBC}") = "Ejercicio5", "Ejercicio5\Ejercicio5.csproj", "{9B4FDAA6-A97E-4601-B77A-5820BB6AFE60}"
EndProject
Global
	GlobalSection(SolutionConfigurationPlatforms) = preSolution
		Debug|Any CPU = Debug|Any CPU
		Release|Any CPU = Release|Any CPU
	EndGlobalSection
	GlobalSection(ProjectConfigurationPlatforms) = postSolution
		{9B4FDAA6-A97E-4601-B77A-5820BB6AFE60}.Debug|Any CPU.ActiveCfg = Debug|Any CPU
		{9B4FDAA6-A97E-4601-B77A-5820BB6AFE60}.Debug|Any CPU.Build.0 = Debug|Any CPU
		{9B4FDAA6-A97E-4601-B77A-5820BB6AFE60}.Release|Any CPU.ActiveCfg = Release|Any CPU
		{9B4FDAA6-A97E-4601-B77A-5820BB6AFE60}.Release|Any CPU.Build.0 = Release|Any CPU
	EndGlobalSection
	GlobalSection(SolutionProperties) = preSolution
		HideSolutionNode = FALSE
	EndGlobalSection
	GlobalSection(ExtensibilityGlobals) = postSolution
		SolutionGuid = {6537E833-6FF1-4B36-A338-49759C3F7281}
	EndGlobalSection
EndGlobal
