
Microsoft Visual Studio Solution File, Format Version 12.00
# Visual Studio Version 16
VisualStudioVersion = 16.0.31911.196
MinimumVisualStudioVersion = 10.0.40219.1
Project("{FAE04EC0-301F-11D3-BF4B-00C04F79EFBC}") = "Bol5_ejer1", "Bol5_ejer1\Bol5_ejer1.csproj", "{BA91DE4A-D59B-4FCE-A8D0-0C0B9EC44084}"
EndProject
Project("{FAE04EC0-301F-11D3-BF4B-00C04F79EFBC}") = "FormBol5_ejer1", "FormBol5_ejer1\FormBol5_ejer1.csproj", "{E7F5A9CB-3A7C-43EC-8761-F85BAC33DAAD}"
EndProject
Global
	GlobalSection(SolutionConfigurationPlatforms) = preSolution
		Debug|Any CPU = Debug|Any CPU
		Release|Any CPU = Release|Any CPU
	EndGlobalSection
	GlobalSection(ProjectConfigurationPlatforms) = postSolution
		{BA91DE4A-D59B-4FCE-A8D0-0C0B9EC44084}.Debug|Any CPU.ActiveCfg = Debug|Any CPU
		{BA91DE4A-D59B-4FCE-A8D0-0C0B9EC44084}.Debug|Any CPU.Build.0 = Debug|Any CPU
		{BA91DE4A-D59B-4FCE-A8D0-0C0B9EC44084}.Release|Any CPU.ActiveCfg = Release|Any CPU
		{BA91DE4A-D59B-4FCE-A8D0-0C0B9EC44084}.Release|Any CPU.Build.0 = Release|Any CPU
		{E7F5A9CB-3A7C-43EC-8761-F85BAC33DAAD}.Debug|Any CPU.ActiveCfg = Debug|Any CPU
		{E7F5A9CB-3A7C-43EC-8761-F85BAC33DAAD}.Debug|Any CPU.Build.0 = Debug|Any CPU
		{E7F5A9CB-3A7C-43EC-8761-F85BAC33DAAD}.Release|Any CPU.ActiveCfg = Release|Any CPU
		{E7F5A9CB-3A7C-43EC-8761-F85BAC33DAAD}.Release|Any CPU.Build.0 = Release|Any CPU
	EndGlobalSection
	GlobalSection(SolutionProperties) = preSolution
		HideSolutionNode = FALSE
	EndGlobalSection
	GlobalSection(ExtensibilityGlobals) = postSolution
		SolutionGuid = {EB543BE0-6DC6-4F8C-BAA9-1D4485062A0F}
	EndGlobalSection
EndGlobal
