
Microsoft Visual Studio Solution File, Format Version 12.00
# Visual Studio Version 16
VisualStudioVersion = 16.0.30523.141
MinimumVisualStudioVersion = 10.0.40219.1
Project("{FAE04EC0-301F-11D3-BF4B-00C04F79EFBC}") = "ejercicio5DI", "ejercicio5DI\ejercicio5DI.csproj", "{90ADDD1F-003F-4FFA-ABA3-28058A8E8D6C}"
EndProject
Global
	GlobalSection(SolutionConfigurationPlatforms) = preSolution
		Debug|Any CPU = Debug|Any CPU
		Release|Any CPU = Release|Any CPU
	EndGlobalSection
	GlobalSection(ProjectConfigurationPlatforms) = postSolution
		{90ADDD1F-003F-4FFA-ABA3-28058A8E8D6C}.Debug|Any CPU.ActiveCfg = Debug|Any CPU
		{90ADDD1F-003F-4FFA-ABA3-28058A8E8D6C}.Debug|Any CPU.Build.0 = Debug|Any CPU
		{90ADDD1F-003F-4FFA-ABA3-28058A8E8D6C}.Release|Any CPU.ActiveCfg = Release|Any CPU
		{90ADDD1F-003F-4FFA-ABA3-28058A8E8D6C}.Release|Any CPU.Build.0 = Release|Any CPU
	EndGlobalSection
	GlobalSection(SolutionProperties) = preSolution
		HideSolutionNode = FALSE
	EndGlobalSection
	GlobalSection(ExtensibilityGlobals) = postSolution
		SolutionGuid = {F5C90E40-05F1-4A4D-932D-4254F3756BA9}
	EndGlobalSection
EndGlobal
